// !$*UTF8*$!
{
	archiveVersion = 1;
	classes = {
	};
	objectVersion = 56;
	objects = {

/* Begin PBXBuildFile section */
		A9229A2E29D8A55B0087B8DD /* interactive_rebaseApp.swift in Sources */ = {isa = PBXBuildFile; fileRef = A9229A2D29D8A55B0087B8DD /* interactive_rebaseApp.swift */; };
		A9229A3229D8A55C0087B8DD /* Assets.xcassets in Resources */ = {isa = PBXBuildFile; fileRef = A9229A3129D8A55C0087B8DD /* Assets.xcassets */; };
		A9229A3529D8A55C0087B8DD /* Preview Assets.xcassets in Resources */ = {isa = PBXBuildFile; fileRef = A9229A3429D8A55C0087B8DD /* Preview Assets.xcassets */; };
		A9229A4729D8A5980087B8DD /* ViewModel.swift in Sources */ = {isa = PBXBuildFile; fileRef = A9229A4229D8A5980087B8DD /* ViewModel.swift */; };
		A9229A4829D8A5980087B8DD /* Array+Extensions.swift in Sources */ = {isa = PBXBuildFile; fileRef = A9229A4429D8A5980087B8DD /* Array+Extensions.swift */; };
		A9229A4929D8A5980087B8DD /* Item.swift in Sources */ = {isa = PBXBuildFile; fileRef = A9229A4629D8A5980087B8DD /* Item.swift */; };
		A9229A4D29D8A5BB0087B8DD /* ContentView.swift in Sources */ = {isa = PBXBuildFile; fileRef = A9229A4C29D8A5BB0087B8DD /* ContentView.swift */; };
		A987785A29D8BBF400A5C210 /* interactive_rebaseTests.swift in Sources */ = {isa = PBXBuildFile; fileRef = A987785929D8BBF400A5C210 /* interactive_rebaseTests.swift */; };
/* End PBXBuildFile section */

/* Begin PBXContainerItemProxy section */
		A987785B29D8BBF400A5C210 /* PBXContainerItemProxy */ = {
			isa = PBXContainerItemProxy;
			containerPortal = A9229A2229D8A55B0087B8DD /* Project object */;
			proxyType = 1;
			remoteGlobalIDString = A9229A2929D8A55B0087B8DD;
			remoteInfo = "interactive-rebase";
		};
/* End PBXContainerItemProxy section */

/* Begin PBXFileReference section */
		A9229A2A29D8A55B0087B8DD /* interactive-rebase.app */ = {isa = PBXFileReference; explicitFileType = wrapper.application; includeInIndex = 0; path = "interactive-rebase.app"; sourceTree = BUILT_PRODUCTS_DIR; };
		A9229A2D29D8A55B0087B8DD /* interactive_rebaseApp.swift */ = {isa = PBXFileReference; lastKnownFileType = sourcecode.swift; path = interactive_rebaseApp.swift; sourceTree = "<group>"; };
		A9229A3129D8A55C0087B8DD /* Assets.xcassets */ = {isa = PBXFileReference; lastKnownFileType = folder.assetcatalog; path = Assets.xcassets; sourceTree = "<group>"; };
		A9229A3429D8A55C0087B8DD /* Preview Assets.xcassets */ = {isa = PBXFileReference; lastKnownFileType = folder.assetcatalog; path = "Preview Assets.xcassets"; sourceTree = "<group>"; };
		A9229A4229D8A5980087B8DD /* ViewModel.swift */ = {isa = PBXFileReference; fileEncoding = 4; lastKnownFileType = sourcecode.swift; path = ViewModel.swift; sourceTree = "<group>"; };
		A9229A4429D8A5980087B8DD /* Array+Extensions.swift */ = {isa = PBXFileReference; fileEncoding = 4; lastKnownFileType = sourcecode.swift; path = "Array+Extensions.swift"; sourceTree = "<group>"; };
		A9229A4629D8A5980087B8DD /* Item.swift */ = {isa = PBXFileReference; fileEncoding = 4; lastKnownFileType = sourcecode.swift; path = Item.swift; sourceTree = "<group>"; };
		A9229A4C29D8A5BB0087B8DD /* ContentView.swift */ = {isa = PBXFileReference; fileEncoding = 4; lastKnownFileType = sourcecode.swift; path = ContentView.swift; sourceTree = "<group>"; };
		A987785729D8BBF400A5C210 /* interactive-rebaseTests.xctest */ = {isa = PBXFileReference; explicitFileType = wrapper.cfbundle; includeInIndex = 0; path = "interactive-rebaseTests.xctest"; sourceTree = BUILT_PRODUCTS_DIR; };
		A987785929D8BBF400A5C210 /* interactive_rebaseTests.swift */ = {isa = PBXFileReference; lastKnownFileType = sourcecode.swift; path = interactive_rebaseTests.swift; sourceTree = "<group>"; };
/* End PBXFileReference section */

/* Begin PBXFrameworksBuildPhase section */
		A9229A2729D8A55B0087B8DD /* Frameworks */ = {
			isa = PBXFrameworksBuildPhase;
			buildActionMask = 2147483647;
			files = (
			);
			runOnlyForDeploymentPostprocessing = 0;
		};
		A987785429D8BBF400A5C210 /* Frameworks */ = {
			isa = PBXFrameworksBuildPhase;
			buildActionMask = 2147483647;
			files = (
			);
			runOnlyForDeploymentPostprocessing = 0;
		};
/* End PBXFrameworksBuildPhase section */

/* Begin PBXGroup section */
		A9229A2129D8A55B0087B8DD = {
			isa = PBXGroup;
			children = (
				A9229A2C29D8A55B0087B8DD /* interactive-rebase */,
				A987785829D8BBF400A5C210 /* interactive-rebaseTests */,
				A9229A2B29D8A55B0087B8DD /* Products */,
			);
			sourceTree = "<group>";
		};
		A9229A2B29D8A55B0087B8DD /* Products */ = {
			isa = PBXGroup;
			children = (
				A9229A2A29D8A55B0087B8DD /* interactive-rebase.app */,
				A987785729D8BBF400A5C210 /* interactive-rebaseTests.xctest */,
			);
			name = Products;
			sourceTree = "<group>";
		};
		A9229A2C29D8A55B0087B8DD /* interactive-rebase */ = {
			isa = PBXGroup;
			children = (
				A9229A2D29D8A55B0087B8DD /* interactive_rebaseApp.swift */,
				A9229A4A29D8A5A00087B8DD /* Resources */,
				A9229A4329D8A5980087B8DD /* Extensions */,
				A9229A4B29D8A5BB0087B8DD /* View */,
				A9229A4529D8A5980087B8DD /* Model */,
				A9229A4129D8A5980087B8DD /* ViewModel */,
				A9229A3329D8A55C0087B8DD /* Preview Content */,
			);
			path = "interactive-rebase";
			sourceTree = "<group>";
		};
		A9229A3329D8A55C0087B8DD /* Preview Content */ = {
			isa = PBXGroup;
			children = (
				A9229A3429D8A55C0087B8DD /* Preview Assets.xcassets */,
			);
			path = "Preview Content";
			sourceTree = "<group>";
		};
		A9229A4129D8A5980087B8DD /* ViewModel */ = {
			isa = PBXGroup;
			children = (
				A9229A4229D8A5980087B8DD /* ViewModel.swift */,
			);
			path = ViewModel;
			sourceTree = "<group>";
		};
		A9229A4329D8A5980087B8DD /* Extensions */ = {
			isa = PBXGroup;
			children = (
				A9229A4429D8A5980087B8DD /* Array+Extensions.swift */,
			);
			path = Extensions;
			sourceTree = "<group>";
		};
		A9229A4529D8A5980087B8DD /* Model */ = {
			isa = PBXGroup;
			children = (
				A9229A4629D8A5980087B8DD /* Item.swift */,
			);
			path = Model;
			sourceTree = "<group>";
		};
		A9229A4A29D8A5A00087B8DD /* Resources */ = {
			isa = PBXGroup;
			children = (
				A9229A3129D8A55C0087B8DD /* Assets.xcassets */,
			);
			path = Resources;
			sourceTree = "<group>";
		};
		A9229A4B29D8A5BB0087B8DD /* View */ = {
			isa = PBXGroup;
			children = (
				A9229A4C29D8A5BB0087B8DD /* ContentView.swift */,
			);
			path = View;
			sourceTree = "<group>";
		};
		A987785829D8BBF400A5C210 /* interactive-rebaseTests */ = {
			isa = PBXGroup;
			children = (
				A987785929D8BBF400A5C210 /* interactive_rebaseTests.swift */,
			);
			path = "interactive-rebaseTests";
			sourceTree = "<group>";
		};
/* End PBXGroup section */

/* Begin PBXNativeTarget section */
		A9229A2929D8A55B0087B8DD /* interactive-rebase */ = {
			isa = PBXNativeTarget;
			buildConfigurationList = A9229A3829D8A55C0087B8DD /* Build configuration list for PBXNativeTarget "interactive-rebase" */;
			buildPhases = (
				A9229A2629D8A55B0087B8DD /* Sources */,
				A9229A2729D8A55B0087B8DD /* Frameworks */,
				A9229A2829D8A55B0087B8DD /* Resources */,
			);
			buildRules = (
			);
			dependencies = (
			);
			name = "interactive-rebase";
			productName = "interactive-rebase";
			productReference = A9229A2A29D8A55B0087B8DD /* interactive-rebase.app */;
			productType = "com.apple.product-type.application";
		};
		A987785629D8BBF400A5C210 /* interactive-rebaseTests */ = {
			isa = PBXNativeTarget;
			buildConfigurationList = A987785F29D8BBF400A5C210 /* Build configuration list for PBXNativeTarget "interactive-rebaseTests" */;
			buildPhases = (
				A987785329D8BBF400A5C210 /* Sources */,
				A987785429D8BBF400A5C210 /* Frameworks */,
				A987785529D8BBF400A5C210 /* Resources */,
			);
			buildRules = (
			);
			dependencies = (
				A987785C29D8BBF400A5C210 /* PBXTargetDependency */,
			);
			name = "interactive-rebaseTests";
			productName = "interactive-rebaseTests";
			productReference = A987785729D8BBF400A5C210 /* interactive-rebaseTests.xctest */;
			productType = "com.apple.product-type.bundle.unit-test";
		};
/* End PBXNativeTarget section */

/* Begin PBXProject section */
		A9229A2229D8A55B0087B8DD /* Project object */ = {
			isa = PBXProject;
			attributes = {
				BuildIndependentTargetsInParallel = 1;
				LastSwiftUpdateCheck = 1430;
				LastUpgradeCheck = 1430;
				TargetAttributes = {
					A9229A2929D8A55B0087B8DD = {
						CreatedOnToolsVersion = 14.3;
					};
					A987785629D8BBF400A5C210 = {
						CreatedOnToolsVersion = 14.3;
						TestTargetID = A9229A2929D8A55B0087B8DD;
					};
				};
			};
			buildConfigurationList = A9229A2529D8A55B0087B8DD /* Build configuration list for PBXProject "interactive-rebase" */;
			compatibilityVersion = "Xcode 14.0";
			developmentRegion = en;
			hasScannedForEncodings = 0;
			knownRegions = (
				en,
				Base,
			);
			mainGroup = A9229A2129D8A55B0087B8DD;
			productRefGroup = A9229A2B29D8A55B0087B8DD /* Products */;
			projectDirPath = "";
			projectRoot = "";
			targets = (
				A9229A2929D8A55B0087B8DD /* interactive-rebase */,
				A987785629D8BBF400A5C210 /* interactive-rebaseTests */,
			);
		};
/* End PBXProject section */

/* Begin PBXResourcesBuildPhase section */
		A9229A2829D8A55B0087B8DD /* Resources */ = {
			isa = PBXResourcesBuildPhase;
			buildActionMask = 2147483647;
			files = (
				A9229A3529D8A55C0087B8DD /* Preview Assets.xcassets in Resources */,
				A9229A3229D8A55C0087B8DD /* Assets.xcassets in Resources */,
			);
			runOnlyForDeploymentPostprocessing = 0;
		};
		A987785529D8BBF400A5C210 /* Resources */ = {
			isa = PBXResourcesBuildPhase;
			buildActionMask = 2147483647;
			files = (
			);
			runOnlyForDeploymentPostprocessing = 0;
		};
/* End PBXResourcesBuildPhase section */

/* Begin PBXSourcesBuildPhase section */
		A9229A2629D8A55B0087B8DD /* Sources */ = {
			isa = PBXSourcesBuildPhase;
			buildActionMask = 2147483647;
			files = (
				A9229A4929D8A5980087B8DD /* Item.swift in Sources */,
				A9229A4D29D8A5BB0087B8DD /* ContentView.swift in Sources */,
				A9229A4729D8A5980087B8DD /* ViewModel.swift in Sources */,
				A9229A2E29D8A55B0087B8DD /* interactive_rebaseApp.swift in Sources */,
				A9229A4829D8A5980087B8DD /* Array+Extensions.swift in Sources */,
			);
			runOnlyForDeploymentPostprocessing = 0;
		};
		A987785329D8BBF400A5C210 /* Sources */ = {
			isa = PBXSourcesBuildPhase;
			buildActionMask = 2147483647;
			files = (
				A987785A29D8BBF400A5C210 /* interactive_rebaseTests.swift in Sources */,
			);
			runOnlyForDeploymentPostprocessing = 0;
		};
/* End PBXSourcesBuildPhase section */

/* Begin PBXTargetDependency section */
		A987785C29D8BBF400A5C210 /* PBXTargetDependency */ = {
			isa = PBXTargetDependency;
			target = A9229A2929D8A55B0087B8DD /* interactive-rebase */;
			targetProxy = A987785B29D8BBF400A5C210 /* PBXContainerItemProxy */;
		};
/* End PBXTargetDependency section */

/* Begin XCBuildConfiguration section */
		A9229A3629D8A55C0087B8DD /* Debug */ = {
			isa = XCBuildConfiguration;
			buildSettings = {
				ALWAYS_SEARCH_USER_PATHS = NO;
				CLANG_ANALYZER_NONNULL = YES;
				CLANG_ANALYZER_NUMBER_OBJECT_CONVERSION = YES_AGGRESSIVE;
				CLANG_CXX_LANGUAGE_STANDARD = "gnu++20";
				CLANG_ENABLE_MODULES = YES;
				CLANG_ENABLE_OBJC_ARC = YES;
				CLANG_ENABLE_OBJC_WEAK = YES;
				CLANG_WARN_BLOCK_CAPTURE_AUTORELEASING = YES;
				CLANG_WARN_BOOL_CONVERSION = YES;
				CLANG_WARN_COMMA = YES;
				CLANG_WARN_CONSTANT_CONVERSION = YES;
				CLANG_WARN_DEPRECATED_OBJC_IMPLEMENTATIONS = YES;
				CLANG_WARN_DIRECT_OBJC_ISA_USAGE = YES_ERROR;
				CLANG_WARN_DOCUMENTATION_COMMENTS = YES;
				CLANG_WARN_EMPTY_BODY = YES;
				CLANG_WARN_ENUM_CONVERSION = YES;
				CLANG_WARN_INFINITE_RECURSION = YES;
				CLANG_WARN_INT_CONVERSION = YES;
				CLANG_WARN_NON_LITERAL_NULL_CONVERSION = YES;
				CLANG_WARN_OBJC_IMPLICIT_RETAIN_SELF = YES;
				CLANG_WARN_OBJC_LITERAL_CONVERSION = YES;
				CLANG_WARN_OBJC_ROOT_CLASS = YES_ERROR;
				CLANG_WARN_QUOTED_INCLUDE_IN_FRAMEWORK_HEADER = YES;
				CLANG_WARN_RANGE_LOOP_ANALYSIS = YES;
				CLANG_WARN_STRICT_PROTOTYPES = YES;
				CLANG_WARN_SUSPICIOUS_MOVE = YES;
				CLANG_WARN_UNGUARDED_AVAILABILITY = YES_AGGRESSIVE;
				CLANG_WARN_UNREACHABLE_CODE = YES;
				CLANG_WARN__DUPLICATE_METHOD_MATCH = YES;
				COPY_PHASE_STRIP = NO;
				DEBUG_INFORMATION_FORMAT = dwarf;
				ENABLE_STRICT_OBJC_MSGSEND = YES;
				ENABLE_TESTABILITY = YES;
				GCC_C_LANGUAGE_STANDARD = gnu11;
				GCC_DYNAMIC_NO_PIC = NO;
				GCC_NO_COMMON_BLOCKS = YES;
				GCC_OPTIMIZATION_LEVEL = 0;
				GCC_PREPROCESSOR_DEFINITIONS = (
					"DEBUG=1",
					"$(inherited)",
				);
				GCC_WARN_64_TO_32_BIT_CONVERSION = YES;
				GCC_WARN_ABOUT_RETURN_TYPE = YES_ERROR;
				GCC_WARN_UNDECLARED_SELECTOR = YES;
				GCC_WARN_UNINITIALIZED_AUTOS = YES_AGGRESSIVE;
				GCC_WARN_UNUSED_FUNCTION = YES;
				GCC_WARN_UNUSED_VARIABLE = YES;
				IPHONEOS_DEPLOYMENT_TARGET = 15.0;
				MTL_ENABLE_DEBUG_INFO = INCLUDE_SOURCE;
				MTL_FAST_MATH = YES;
				ONLY_ACTIVE_ARCH = YES;
				SDKROOT = iphoneos;
				SWIFT_ACTIVE_COMPILATION_CONDITIONS = DEBUG;
				SWIFT_OPTIMIZATION_LEVEL = "-Onone";
			};
			name = Debug;
		};
		A9229A3729D8A55C0087B8DD /* Release */ = {
			isa = XCBuildConfiguration;
			buildSettings = {
				ALWAYS_SEARCH_USER_PATHS = NO;
				CLANG_ANALYZER_NONNULL = YES;
				CLANG_ANALYZER_NUMBER_OBJECT_CONVERSION = YES_AGGRESSIVE;
				CLANG_CXX_LANGUAGE_STANDARD = "gnu++20";
				CLANG_ENABLE_MODULES = YES;
				CLANG_ENABLE_OBJC_ARC = YES;
				CLANG_ENABLE_OBJC_WEAK = YES;
				CLANG_WARN_BLOCK_CAPTURE_AUTORELEASING = YES;
				CLANG_WARN_BOOL_CONVERSION = YES;
				CLANG_WARN_COMMA = YES;
				CLANG_WARN_CONSTANT_CONVERSION = YES;
				CLANG_WARN_DEPRECATED_OBJC_IMPLEMENTATIONS = YES;
				CLANG_WARN_DIRECT_OBJC_ISA_USAGE = YES_ERROR;
				CLANG_WARN_DOCUMENTATION_COMMENTS = YES;
				CLANG_WARN_EMPTY_BODY = YES;
				CLANG_WARN_ENUM_CONVERSION = YES;
				CLANG_WARN_INFINITE_RECURSION = YES;
				CLANG_WARN_INT_CONVERSION = YES;
				CLANG_WARN_NON_LITERAL_NULL_CONVERSION = YES;
				CLANG_WARN_OBJC_IMPLICIT_RETAIN_SELF = YES;
				CLANG_WARN_OBJC_LITERAL_CONVERSION = YES;
				CLANG_WARN_OBJC_ROOT_CLASS = YES_ERROR;
				CLANG_WARN_QUOTED_INCLUDE_IN_FRAMEWORK_HEADER = YES;
				CLANG_WARN_RANGE_LOOP_ANALYSIS = YES;
				CLANG_WARN_STRICT_PROTOTYPES = YES;
				CLANG_WARN_SUSPICIOUS_MOVE = YES;
				CLANG_WARN_UNGUARDED_AVAILABILITY = YES_AGGRESSIVE;
				CLANG_WARN_UNREACHABLE_CODE = YES;
				CLANG_WARN__DUPLICATE_METHOD_MATCH = YES;
				COPY_PHASE_STRIP = NO;
				DEBUG_INFORMATION_FORMAT = "dwarf-with-dsym";
				ENABLE_NS_ASSERTIONS = NO;
				ENABLE_STRICT_OBJC_MSGSEND = YES;
				GCC_C_LANGUAGE_STANDARD = gnu11;
				GCC_NO_COMMON_BLOCKS = YES;
				GCC_WARN_64_TO_32_BIT_CONVERSION = YES;
				GCC_WARN_ABOUT_RETURN_TYPE = YES_ERROR;
				GCC_WARN_UNDECLARED_SELECTOR = YES;
				GCC_WARN_UNINITIALIZED_AUTOS = YES_AGGRESSIVE;
				GCC_WARN_UNUSED_FUNCTION = YES;
				GCC_WARN_UNUSED_VARIABLE = YES;
				IPHONEOS_DEPLOYMENT_TARGET = 15.0;
				MTL_ENABLE_DEBUG_INFO = NO;
				MTL_FAST_MATH = YES;
				SDKROOT = iphoneos;
				SWIFT_COMPILATION_MODE = wholemodule;
				SWIFT_OPTIMIZATION_LEVEL = "-O";
				VALIDATE_PRODUCT = YES;
			};
			name = Release;
		};
		A9229A3929D8A55C0087B8DD /* Debug */ = {
			isa = XCBuildConfiguration;
			buildSettings = {
				ASSETCATALOG_COMPILER_APPICON_NAME = AppIcon;
				ASSETCATALOG_COMPILER_GLOBAL_ACCENT_COLOR_NAME = AccentColor;
				CODE_SIGN_STYLE = Automatic;
				CURRENT_PROJECT_VERSION = 1;
				DEVELOPMENT_ASSET_PATHS = "\"interactive-rebase/Preview Content\"";
				DEVELOPMENT_TEAM = GGSASZ9YEF;
				ENABLE_PREVIEWS = YES;
				GENERATE_INFOPLIST_FILE = YES;
				INFOPLIST_KEY_UIApplicationSceneManifest_Generation = YES;
				INFOPLIST_KEY_UIApplicationSupportsIndirectInputEvents = YES;
				INFOPLIST_KEY_UILaunchScreen_Generation = YES;
				INFOPLIST_KEY_UISupportedInterfaceOrientations_iPad = "UIInterfaceOrientationPortrait UIInterfaceOrientationPortraitUpsideDown UIInterfaceOrientationLandscapeLeft UIInterfaceOrientationLandscapeRight";
				INFOPLIST_KEY_UISupportedInterfaceOrientations_iPhone = "UIInterfaceOrientationPortrait UIInterfaceOrientationLandscapeLeft UIInterfaceOrientationLandscapeRight";
				IPHONEOS_DEPLOYMENT_TARGET = 15.0;
				LD_RUNPATH_SEARCH_PATHS = (
					"$(inherited)",
					"@executable_path/Frameworks",
				);
				MARKETING_VERSION = 1.0;
				PRODUCT_BUNDLE_IDENTIFIER = "com.antoniopantaleo.interactive-rebase";
				PRODUCT_NAME = "$(TARGET_NAME)";
				SWIFT_EMIT_LOC_STRINGS = YES;
				SWIFT_VERSION = 5.0;
				TARGETED_DEVICE_FAMILY = "1,2";
			};
			name = Debug;
		};
		A9229A3A29D8A55C0087B8DD /* Release */ = {
			isa = XCBuildConfiguration;
			buildSettings = {
				ASSETCATALOG_COMPILER_APPICON_NAME = AppIcon;
				ASSETCATALOG_COMPILER_GLOBAL_ACCENT_COLOR_NAME = AccentColor;
				CODE_SIGN_STYLE = Automatic;
				CURRENT_PROJECT_VERSION = 1;
				DEVELOPMENT_ASSET_PATHS = "\"interactive-rebase/Preview Content\"";
				DEVELOPMENT_TEAM = GGSASZ9YEF;
				ENABLE_PREVIEWS = YES;
				GENERATE_INFOPLIST_FILE = YES;
				INFOPLIST_KEY_UIApplicationSceneManifest_Generation = YES;
				INFOPLIST_KEY_UIApplicationSupportsIndirectInputEvents = YES;
				INFOPLIST_KEY_UILaunchScreen_Generation = YES;
				INFOPLIST_KEY_UISupportedInterfaceOrientations_iPad = "UIInterfaceOrientationPortrait UIInterfaceOrientationPortraitUpsideDown UIInterfaceOrientationLandscapeLeft UIInterfaceOrientationLandscapeRight";
				INFOPLIST_KEY_UISupportedInterfaceOrientations_iPhone = "UIInterfaceOrientationPortrait UIInterfaceOrientationLandscapeLeft UIInterfaceOrientationLandscapeRight";
				IPHONEOS_DEPLOYMENT_TARGET = 15.0;
				LD_RUNPATH_SEARCH_PATHS = (
					"$(inherited)",
					"@executable_path/Frameworks",
				);
				MARKETING_VERSION = 1.0;
				PRODUCT_BUNDLE_IDENTIFIER = "com.antoniopantaleo.interactive-rebase";
				PRODUCT_NAME = "$(TARGET_NAME)";
				SWIFT_EMIT_LOC_STRINGS = YES;
				SWIFT_VERSION = 5.0;
				TARGETED_DEVICE_FAMILY = "1,2";
			};
			name = Release;
		};
		A987785D29D8BBF400A5C210 /* Debug */ = {
			isa = XCBuildConfiguration;
			buildSettings = {
				BUNDLE_LOADER = "$(TEST_HOST)";
				CODE_SIGN_STYLE = Automatic;
				CURRENT_PROJECT_VERSION = 1;
				DEVELOPMENT_TEAM = GGSASZ9YEF;
				GENERATE_INFOPLIST_FILE = YES;
				MARKETING_VERSION = 1.0;
				PRODUCT_BUNDLE_IDENTIFIER = "com.antoniopantaleo.interactive-rebaseTests";
				PRODUCT_NAME = "$(TARGET_NAME)";
				SWIFT_EMIT_LOC_STRINGS = NO;
				SWIFT_VERSION = 5.0;
				TARGETED_DEVICE_FAMILY = "1,2";
				TEST_HOST = "$(BUILT_PRODUCTS_DIR)/interactive-rebase.app/$(BUNDLE_EXECUTABLE_FOLDER_PATH)/interactive-rebase";
			};
			name = Debug;
		};
		A987785E29D8BBF400A5C210 /* Release */ = {
			isa = XCBuildConfiguration;
			buildSettings = {
				BUNDLE_LOADER = "$(TEST_HOST)";
				CODE_SIGN_STYLE = Automatic;
				CURRENT_PROJECT_VERSION = 1;
				DEVELOPMENT_TEAM = GGSASZ9YEF;
				GENERATE_INFOPLIST_FILE = YES;
				MARKETING_VERSION = 1.0;
				PRODUCT_BUNDLE_IDENTIFIER = "com.antoniopantaleo.interactive-rebaseTests";
				PRODUCT_NAME = "$(TARGET_NAME)";
				SWIFT_EMIT_LOC_STRINGS = NO;
				SWIFT_VERSION = 5.0;
				TARGETED_DEVICE_FAMILY = "1,2";
				TEST_HOST = "$(BUILT_PRODUCTS_DIR)/interactive-rebase.app/$(BUNDLE_EXECUTABLE_FOLDER_PATH)/interactive-rebase";
			};
			name = Release;
		};
/* End XCBuildConfiguration section */

/* Begin XCConfigurationList section */
		A9229A2529D8A55B0087B8DD /* Build configuration list for PBXProject "interactive-rebase" */ = {
			isa = XCConfigurationList;
			buildConfigurations = (
				A9229A3629D8A55C0087B8DD /* Debug */,
				A9229A3729D8A55C0087B8DD /* Release */,
			);
			defaultConfigurationIsVisible = 0;
			defaultConfigurationName = Release;
		};
		A9229A3829D8A55C0087B8DD /* Build configuration list for PBXNativeTarget "interactive-rebase" */ = {
			isa = XCConfigurationList;
			buildConfigurations = (
				A9229A3929D8A55C0087B8DD /* Debug */,
				A9229A3A29D8A55C0087B8DD /* Release */,
			);
			defaultConfigurationIsVisible = 0;
			defaultConfigurationName = Release;
		};
		A987785F29D8BBF400A5C210 /* Build configuration list for PBXNativeTarget "interactive-rebaseTests" */ = {
			isa = XCConfigurationList;
			buildConfigurations = (
				A987785D29D8BBF400A5C210 /* Debug */,
				A987785E29D8BBF400A5C210 /* Release */,
			);
			defaultConfigurationIsVisible = 0;
			defaultConfigurationName = Release;
		};
/* End XCConfigurationList section */
	};
	rootObject = A9229A2229D8A55B0087B8DD /* Project object */;
}
